
Microsoft Visual Studio Solution File, Format Version 12.00
Project("{FAE04EC0-301F-11D3-BF4B-00C04F79EFBC}") = "MockProject", "MockProject.csproj", "{56ED07C8-15F1-4A29-ABC7-623D5E34A7CA}"
EndProject
Global
	GlobalSection(SolutionConfigurationPlatforms) = preSolution
		Debug|Any CPU = Debug|Any CPU
		Release|Any CPU = Release|Any CPU
	EndGlobalSection
	GlobalSection(ProjectConfigurationPlatforms) = postSolution
		{56ED07C8-15F1-4A29-ABC7-623D5E34A7CA}.Debug|Any CPU.ActiveCfg = Debug|Any CPU
		{56ED07C8-15F1-4A29-ABC7-623D5E34A7CA}.Debug|Any CPU.Build.0 = Debug|Any CPU
		{56ED07C8-15F1-4A29-ABC7-623D5E34A7CA}.Release|Any CPU.ActiveCfg = Release|Any CPU
		{56ED07C8-15F1-4A29-ABC7-623D5E34A7CA}.Release|Any CPU.Build.0 = Release|Any CPU
	EndGlobalSection
EndGlobal
